
Microsoft Visual Studio Solution File, Format Version 12.00
# Visual Studio 15
VisualStudioVersion = 15.0.28307.168
MinimumVisualStudioVersion = 10.0.40219.1
Project("{FAE04EC0-301F-11D3-BF4B-00C04F79EFBC}") = "1_01_Aplication_Life_Cycle", "001_Aplication_Life_Cycle\1_01_Aplication_Life_Cycle.csproj", "{4A76C302-2DEB-409F-8844-5AB65ED1F5C7}"
EndProject
Project("{FAE04EC0-301F-11D3-BF4B-00C04F79EFBC}") = "2_01_HttpModule", "2_01_HttpModule\2_01_HttpModule.csproj", "{5FB87BDC-622C-4A2B-899F-18FFE5D5694A}"
EndProject
Project("{FAE04EC0-301F-11D3-BF4B-00C04F79EFBC}") = "2_02_HttpModuleInteraction", "2_01_HttpModuleInteraction\2_02_HttpModuleInteraction.csproj", "{D31DFF83-28AF-4AF4-8EFB-E80D0438E043}"
EndProject
Project("{9A19103F-16F7-4668-BE54-9A1E7A4F7556}") = "2_03_NetCoreMiddleware", "2_03_NetCoreMiddleware\2_03_NetCoreMiddleware.csproj", "{71A38D62-890C-4D14-B58A-4BB114C6E7A5}"
EndProject
Project("{FAE04EC0-301F-11D3-BF4B-00C04F79EFBC}") = "3_01_HttpHandler", "3_01_HttpHandler\3_01_HttpHandler.csproj", "{0C3497D7-3DF2-4115-8B49-F0AFB255F367}"
EndProject
Project("{9A19103F-16F7-4668-BE54-9A1E7A4F7556}") = "3_02_NetCoreHttpHandler", "3_02_NetCoreHttpHandler\3_02_NetCoreHttpHandler.csproj", "{F42506CD-C411-4835-90F5-23702D9D5D51}"
EndProject
Project("{FAE04EC0-301F-11D3-BF4B-00C04F79EFBC}") = "4_02_MobileView_DisplayModeProvider", "4_02_MobileView\4_02_MobileView_DisplayModeProvider.csproj", "{B134EECE-F511-42AA-8D52-D0DB41DB6D20}"
EndProject
Project("{FAE04EC0-301F-11D3-BF4B-00C04F79EFBC}") = "4_01_MobileViewBase", "4_01_MobileViewBase\4_01_MobileViewBase.csproj", "{110228E5-1D39-4465-A7A5-916A0ECF54F3}"
EndProject
Project("{FAE04EC0-301F-11D3-BF4B-00C04F79EFBC}") = "5_Input_OutputFormatters", "5_Input_OutputFormatters\5_Input_OutputFormatters.csproj", "{2DE80C55-EB08-469E-9098-64C0BDA108D2}"
EndProject
Global
	GlobalSection(SolutionConfigurationPlatforms) = preSolution
		Debug|Any CPU = Debug|Any CPU
		Release|Any CPU = Release|Any CPU
	EndGlobalSection
	GlobalSection(ProjectConfigurationPlatforms) = postSolution
		{4A76C302-2DEB-409F-8844-5AB65ED1F5C7}.Debug|Any CPU.ActiveCfg = Debug|Any CPU
		{4A76C302-2DEB-409F-8844-5AB65ED1F5C7}.Debug|Any CPU.Build.0 = Debug|Any CPU
		{4A76C302-2DEB-409F-8844-5AB65ED1F5C7}.Release|Any CPU.ActiveCfg = Release|Any CPU
		{4A76C302-2DEB-409F-8844-5AB65ED1F5C7}.Release|Any CPU.Build.0 = Release|Any CPU
		{5FB87BDC-622C-4A2B-899F-18FFE5D5694A}.Debug|Any CPU.ActiveCfg = Debug|Any CPU
		{5FB87BDC-622C-4A2B-899F-18FFE5D5694A}.Debug|Any CPU.Build.0 = Debug|Any CPU
		{5FB87BDC-622C-4A2B-899F-18FFE5D5694A}.Release|Any CPU.ActiveCfg = Release|Any CPU
		{5FB87BDC-622C-4A2B-899F-18FFE5D5694A}.Release|Any CPU.Build.0 = Release|Any CPU
		{D31DFF83-28AF-4AF4-8EFB-E80D0438E043}.Debug|Any CPU.ActiveCfg = Debug|Any CPU
		{D31DFF83-28AF-4AF4-8EFB-E80D0438E043}.Debug|Any CPU.Build.0 = Debug|Any CPU
		{D31DFF83-28AF-4AF4-8EFB-E80D0438E043}.Release|Any CPU.ActiveCfg = Release|Any CPU
		{D31DFF83-28AF-4AF4-8EFB-E80D0438E043}.Release|Any CPU.Build.0 = Release|Any CPU
		{71A38D62-890C-4D14-B58A-4BB114C6E7A5}.Debug|Any CPU.ActiveCfg = Debug|Any CPU
		{71A38D62-890C-4D14-B58A-4BB114C6E7A5}.Debug|Any CPU.Build.0 = Debug|Any CPU
		{71A38D62-890C-4D14-B58A-4BB114C6E7A5}.Release|Any CPU.ActiveCfg = Release|Any CPU
		{71A38D62-890C-4D14-B58A-4BB114C6E7A5}.Release|Any CPU.Build.0 = Release|Any CPU
		{0C3497D7-3DF2-4115-8B49-F0AFB255F367}.Debug|Any CPU.ActiveCfg = Debug|Any CPU
		{0C3497D7-3DF2-4115-8B49-F0AFB255F367}.Debug|Any CPU.Build.0 = Debug|Any CPU
		{0C3497D7-3DF2-4115-8B49-F0AFB255F367}.Release|Any CPU.ActiveCfg = Release|Any CPU
		{0C3497D7-3DF2-4115-8B49-F0AFB255F367}.Release|Any CPU.Build.0 = Release|Any CPU
		{F42506CD-C411-4835-90F5-23702D9D5D51}.Debug|Any CPU.ActiveCfg = Debug|Any CPU
		{F42506CD-C411-4835-90F5-23702D9D5D51}.Debug|Any CPU.Build.0 = Debug|Any CPU
		{F42506CD-C411-4835-90F5-23702D9D5D51}.Release|Any CPU.ActiveCfg = Release|Any CPU
		{F42506CD-C411-4835-90F5-23702D9D5D51}.Release|Any CPU.Build.0 = Release|Any CPU
		{B134EECE-F511-42AA-8D52-D0DB41DB6D20}.Debug|Any CPU.ActiveCfg = Debug|Any CPU
		{B134EECE-F511-42AA-8D52-D0DB41DB6D20}.Debug|Any CPU.Build.0 = Debug|Any CPU
		{B134EECE-F511-42AA-8D52-D0DB41DB6D20}.Release|Any CPU.ActiveCfg = Release|Any CPU
		{B134EECE-F511-42AA-8D52-D0DB41DB6D20}.Release|Any CPU.Build.0 = Release|Any CPU
		{110228E5-1D39-4465-A7A5-916A0ECF54F3}.Debug|Any CPU.ActiveCfg = Debug|Any CPU
		{110228E5-1D39-4465-A7A5-916A0ECF54F3}.Debug|Any CPU.Build.0 = Debug|Any CPU
		{110228E5-1D39-4465-A7A5-916A0ECF54F3}.Release|Any CPU.ActiveCfg = Release|Any CPU
		{110228E5-1D39-4465-A7A5-916A0ECF54F3}.Release|Any CPU.Build.0 = Release|Any CPU
		{2DE80C55-EB08-469E-9098-64C0BDA108D2}.Debug|Any CPU.ActiveCfg = Debug|Any CPU
		{2DE80C55-EB08-469E-9098-64C0BDA108D2}.Debug|Any CPU.Build.0 = Debug|Any CPU
		{2DE80C55-EB08-469E-9098-64C0BDA108D2}.Release|Any CPU.ActiveCfg = Release|Any CPU
		{2DE80C55-EB08-469E-9098-64C0BDA108D2}.Release|Any CPU.Build.0 = Release|Any CPU
	EndGlobalSection
	GlobalSection(SolutionProperties) = preSolution
		HideSolutionNode = FALSE
	EndGlobalSection
	GlobalSection(ExtensibilityGlobals) = postSolution
		SolutionGuid = {B34E3E42-6DCF-4E5F-B976-9407482101B7}
	EndGlobalSection
EndGlobal
